{
  "object": {
    "pins": [
      {
        "package": "ctemplate",
        "repositoryURL": "https://github.com/readdle/ctemplate.git",
        "state": {
          "branch": "feature/spm-support",
          "revision": "cfd6ddb896c0e452bcc51ed529305d699751f647",
          "version": null
        }
      },
      {
        "package": "etpan",
        "repositoryURL": "https://github.com/readdle/libetpan.git",
        "state": {
          "branch": "feature/spm-support-debug",
          "revision": "e2126918346c9157e4aad8c96db94f7fdfb92d6b",
          "version": null
        }
      },
      {
        "package": "unicode",
        "repositoryURL": "https://github.com/readdle/swift-unicode",
        "state": {
          "branch": null,
          "revision": "fb8aac372834ccb8fab0a5c1742df862d47c4156",
          "version": "68.2.0"
        }
      },
      {
        "package": "RDHtml5Tidy",
        "repositoryURL": "https://github.com/readdle/tidy-html5.git",
        "state": {
          "branch": "feature/spm-support",
          "revision": "65128477fdbfd6554b90233a63302e3f89e67798",
          "version": null
        }
      }
    ]
  },
  "version": 1
}
